
Microsoft Visual Studio Solution File, Format Version 12.00
# Visual Studio Version 17
VisualStudioVersion = 17.0.32014.148
MinimumVisualStudioVersion = 10.0.40219.1
Project("{FAE04EC0-301F-11D3-BF4B-00C04F79EFBC}") = "DrawBody", "DrawBody\DrawBody.csproj", "{383161E6-7134-4AF0-A5D3-F1A6481C991E}"
EndProject
Global
	GlobalSection(SolutionConfigurationPlatforms) = preSolution
		Debug|Any CPU = Debug|Any CPU
		Release|Any CPU = Release|Any CPU
	EndGlobalSection
	GlobalSection(ProjectConfigurationPlatforms) = postSolution
		{383161E6-7134-4AF0-A5D3-F1A6481C991E}.Debug|Any CPU.ActiveCfg = Debug|Any CPU
		{383161E6-7134-4AF0-A5D3-F1A6481C991E}.Debug|Any CPU.Build.0 = Debug|Any CPU
		{383161E6-7134-4AF0-A5D3-F1A6481C991E}.Release|Any CPU.ActiveCfg = Release|Any CPU
		{383161E6-7134-4AF0-A5D3-F1A6481C991E}.Release|Any CPU.Build.0 = Release|Any CPU
	EndGlobalSection
	GlobalSection(SolutionProperties) = preSolution
		HideSolutionNode = FALSE
	EndGlobalSection
	GlobalSection(ExtensibilityGlobals) = postSolution
		SolutionGuid = {1D1F2D4C-0CFD-41B5-81C2-FE3602F0CAF0}
	EndGlobalSection
EndGlobal
